// !$*UTF8*$!
{
	archiveVersion = 1;
	classes = {
	};
	objectVersion = 77;
	objects = {

/* Begin PBXBuildFile section */
		7801A5C92EC35C2E004EE399 /* Supabase in Frameworks */ = {isa = PBXBuildFile; productRef = 7801A5C82EC35C2E004EE399 /* Supabase */; };
		78B078B42EC4E80800962AFD /* FirebaseAnalytics in Frameworks */ = {isa = PBXBuildFile; productRef = 78B078B32EC4E80800962AFD /* FirebaseAnalytics */; };
		78B078B62EC4E80800962AFD /* FirebaseAuth in Frameworks */ = {isa = PBXBuildFile; productRef = 78B078B52EC4E80800962AFD /* FirebaseAuth */; };
		78B078B82EC4E80800962AFD /* FirebaseCore in Frameworks */ = {isa = PBXBuildFile; productRef = 78B078B72EC4E80800962AFD /* FirebaseCore */; };
/* End PBXBuildFile section */

/* Begin PBXContainerItemProxy section */
		3896CFFA2EBFA70F0099FE70 /* PBXContainerItemProxy */ = {
			isa = PBXContainerItemProxy;
			containerPortal = 3896CFDB2EBFA70E0099FE70 /* Project object */;
			proxyType = 1;
			remoteGlobalIDString = 3896CFE22EBFA70E0099FE70;
			remoteInfo = UTSAVEventPlanner;
		};
		3896D0042EBFA70F0099FE70 /* PBXContainerItemProxy */ = {
			isa = PBXContainerItemProxy;
			containerPortal = 3896CFDB2EBFA70E0099FE70 /* Project object */;
			proxyType = 1;
			remoteGlobalIDString = 3896CFE22EBFA70E0099FE70;
			remoteInfo = UTSAVEventPlanner;
		};
/* End PBXContainerItemProxy section */

/* Begin PBXFileReference section */
		3896CFE32EBFA70E0099FE70 /* UTSAVEventPlanner.app */ = {isa = PBXFileReference; explicitFileType = wrapper.application; includeInIndex = 0; path = UTSAVEventPlanner.app; sourceTree = BUILT_PRODUCTS_DIR; };
		3896CFF92EBFA70F0099FE70 /* UTSAVEventPlannerTests.xctest */ = {isa = PBXFileReference; explicitFileType = wrapper.cfbundle; includeInIndex = 0; path = UTSAVEventPlannerTests.xctest; sourceTree = BUILT_PRODUCTS_DIR; };
		3896D0032EBFA70F0099FE70 /* UTSAVEventPlannerUITests.xctest */ = {isa = PBXFileReference; explicitFileType = wrapper.cfbundle; includeInIndex = 0; path = UTSAVEventPlannerUITests.xctest; sourceTree = BUILT_PRODUCTS_DIR; };
/* End PBXFileReference section */

/* Begin PBXFileSystemSynchronizedBuildFileExceptionSet section */
		BC4B066D2EC46804001EF5FB /* Exceptions for "UTSAVEventPlanner" folder in "UTSAVEventPlanner" target */ = {
			isa = PBXFileSystemSynchronizedBuildFileExceptionSet;
			membershipExceptions = (
				Info.plist,
			);
			target = 3896CFE22EBFA70E0099FE70 /* UTSAVEventPlanner */;
		};
/* End PBXFileSystemSynchronizedBuildFileExceptionSet section */

/* Begin PBXFileSystemSynchronizedRootGroup section */
		3896CFE52EBFA70E0099FE70 /* UTSAVEventPlanner */ = {
			isa = PBXFileSystemSynchronizedRootGroup;
			exceptions = (
				BC4B066D2EC46804001EF5FB /* Exceptions for "UTSAVEventPlanner" folder in "UTSAVEventPlanner" target */,
			);
			path = UTSAVEventPlanner;
			sourceTree = "<group>";
		};
		3896CFFC2EBFA70F0099FE70 /* UTSAVEventPlannerTests */ = {
			isa = PBXFileSystemSynchronizedRootGroup;
			path = UTSAVEventPlannerTests;
			sourceTree = "<group>";
		};
		3896D0062EBFA70F0099FE70 /* UTSAVEventPlannerUITests */ = {
			isa = PBXFileSystemSynchronizedRootGroup;
			path = UTSAVEventPlannerUITests;
			sourceTree = "<group>";
		};
/* End PBXFileSystemSynchronizedRootGroup section */

/* Begin PBXFrameworksBuildPhase section */
		3896CFE02EBFA70E0099FE70 /* Frameworks */ = {
			isa = PBXFrameworksBuildPhase;
			buildActionMask = 2147483647;
			files = (
				78B078B42EC4E80800962AFD /* FirebaseAnalytics in Frameworks */,
				78B078B62EC4E80800962AFD /* FirebaseAuth in Frameworks */,
				78B078B82EC4E80800962AFD /* FirebaseCore in Frameworks */,
				7801A5C92EC35C2E004EE399 /* Supabase in Frameworks */,
			);
			runOnlyForDeploymentPostprocessing = 0;
		};
		3896CFF62EBFA70F0099FE70 /* Frameworks */ = {
			isa = PBXFrameworksBuildPhase;
			buildActionMask = 2147483647;
			files = (
			);
			runOnlyForDeploymentPostprocessing = 0;
		};
		3896D0002EBFA70F0099FE70 /* Frameworks */ = {
			isa = PBXFrameworksBuildPhase;
			buildActionMask = 2147483647;
			files = (
			);
			runOnlyForDeploymentPostprocessing = 0;
		};
/* End PBXFrameworksBuildPhase section */

/* Begin PBXGroup section */
		3896CFDA2EBFA70E0099FE70 = {
			isa = PBXGroup;
			children = (
				3896CFE52EBFA70E0099FE70 /* UTSAVEventPlanner */,
				3896CFFC2EBFA70F0099FE70 /* UTSAVEventPlannerTests */,
				3896D0062EBFA70F0099FE70 /* UTSAVEventPlannerUITests */,
				7801A5C72EC35C1E004EE399 /* Frameworks */,
				3896CFE42EBFA70E0099FE70 /* Products */,
			);
			sourceTree = "<group>";
		};
		3896CFE42EBFA70E0099FE70 /* Products */ = {
			isa = PBXGroup;
			children = (
				3896CFE32EBFA70E0099FE70 /* UTSAVEventPlanner.app */,
				3896CFF92EBFA70F0099FE70 /* UTSAVEventPlannerTests.xctest */,
				3896D0032EBFA70F0099FE70 /* UTSAVEventPlannerUITests.xctest */,
			);
			name = Products;
			sourceTree = "<group>";
		};
		7801A5C72EC35C1E004EE399 /* Frameworks */ = {
			isa = PBXGroup;
			children = (
			);
			name = Frameworks;
			sourceTree = "<group>";
		};
/* End PBXGroup section */

/* Begin PBXNativeTarget section */
		3896CFE22EBFA70E0099FE70 /* UTSAVEventPlanner */ = {
			isa = PBXNativeTarget;
			buildConfigurationList = 3896D00C2EBFA70F0099FE70 /* Build configuration list for PBXNativeTarget "UTSAVEventPlanner" */;
			buildPhases = (
				3896CFDF2EBFA70E0099FE70 /* Sources */,
				3896CFE02EBFA70E0099FE70 /* Frameworks */,
				3896CFE12EBFA70E0099FE70 /* Resources */,
			);
			buildRules = (
			);
			dependencies = (
			);
			fileSystemSynchronizedGroups = (
				3896CFE52EBFA70E0099FE70 /* UTSAVEventPlanner */,
			);
			name = UTSAVEventPlanner;
			packageProductDependencies = (
				7801A5C82EC35C2E004EE399 /* Supabase */,
				78B078B32EC4E80800962AFD /* FirebaseAnalytics */,
				78B078B52EC4E80800962AFD /* FirebaseAuth */,
				78B078B72EC4E80800962AFD /* FirebaseCore */,
			);
			productName = UTSAVEventPlanner;
			productReference = 3896CFE32EBFA70E0099FE70 /* UTSAVEventPlanner.app */;
			productType = "com.apple.product-type.application";
		};
		3896CFF82EBFA70F0099FE70 /* UTSAVEventPlannerTests */ = {
			isa = PBXNativeTarget;
			buildConfigurationList = 3896D0112EBFA70F0099FE70 /* Build configuration list for PBXNativeTarget "UTSAVEventPlannerTests" */;
			buildPhases = (
				3896CFF52EBFA70F0099FE70 /* Sources */,
				3896CFF62EBFA70F0099FE70 /* Frameworks */,
				3896CFF72EBFA70F0099FE70 /* Resources */,
			);
			buildRules = (
			);
			dependencies = (
				3896CFFB2EBFA70F0099FE70 /* PBXTargetDependency */,
			);
			fileSystemSynchronizedGroups = (
				3896CFFC2EBFA70F0099FE70 /* UTSAVEventPlannerTests */,
			);
			name = UTSAVEventPlannerTests;
			packageProductDependencies = (
			);
			productName = UTSAVEventPlannerTests;
			productReference = 3896CFF92EBFA70F0099FE70 /* UTSAVEventPlannerTests.xctest */;
			productType = "com.apple.product-type.bundle.unit-test";
		};
		3896D0022EBFA70F0099FE70 /* UTSAVEventPlannerUITests */ = {
			isa = PBXNativeTarget;
			buildConfigurationList = 3896D0142EBFA70F0099FE70 /* Build configuration list for PBXNativeTarget "UTSAVEventPlannerUITests" */;
			buildPhases = (
				3896CFFF2EBFA70F0099FE70 /* Sources */,
				3896D0002EBFA70F0099FE70 /* Frameworks */,
				3896D0012EBFA70F0099FE70 /* Resources */,
			);
			buildRules = (
			);
			dependencies = (
				3896D0052EBFA70F0099FE70 /* PBXTargetDependency */,
			);
			fileSystemSynchronizedGroups = (
				3896D0062EBFA70F0099FE70 /* UTSAVEventPlannerUITests */,
			);
			name = UTSAVEventPlannerUITests;
			packageProductDependencies = (
			);
			productName = UTSAVEventPlannerUITests;
			productReference = 3896D0032EBFA70F0099FE70 /* UTSAVEventPlannerUITests.xctest */;
			productType = "com.apple.product-type.bundle.ui-testing";
		};
/* End PBXNativeTarget section */

/* Begin PBXProject section */
		3896CFDB2EBFA70E0099FE70 /* Project object */ = {
			isa = PBXProject;
			attributes = {
				BuildIndependentTargetsInParallel = 1;
				LastSwiftUpdateCheck = 2600;
				LastUpgradeCheck = 2600;
				TargetAttributes = {
					3896CFE22EBFA70E0099FE70 = {
						CreatedOnToolsVersion = 26.0.1;
					};
					3896CFF82EBFA70F0099FE70 = {
						CreatedOnToolsVersion = 26.0.1;
						TestTargetID = 3896CFE22EBFA70E0099FE70;
					};
					3896D0022EBFA70F0099FE70 = {
						CreatedOnToolsVersion = 26.0.1;
						TestTargetID = 3896CFE22EBFA70E0099FE70;
					};
				};
			};
			buildConfigurationList = 3896CFDE2EBFA70E0099FE70 /* Build configuration list for PBXProject "UTSAVEventPlanner" */;
			developmentRegion = en;
			hasScannedForEncodings = 0;
			knownRegions = (
				en,
				Base,
			);
			mainGroup = 3896CFDA2EBFA70E0099FE70;
			minimizedProjectReferenceProxies = 1;
			packageReferences = (
				7801A5C42EC35A4E004EE399 /* XCRemoteSwiftPackageReference "supabase-swift" */,
				78B078B22EC4E80800962AFD /* XCRemoteSwiftPackageReference "firebase-ios-sdk" */,
			);
			preferredProjectObjectVersion = 77;
			productRefGroup = 3896CFE42EBFA70E0099FE70 /* Products */;
			projectDirPath = "";
			projectRoot = "";
			targets = (
				3896CFE22EBFA70E0099FE70 /* UTSAVEventPlanner */,
				3896CFF82EBFA70F0099FE70 /* UTSAVEventPlannerTests */,
				3896D0022EBFA70F0099FE70 /* UTSAVEventPlannerUITests */,
			);
		};
/* End PBXProject section */

/* Begin PBXResourcesBuildPhase section */
		3896CFE12EBFA70E0099FE70 /* Resources */ = {
			isa = PBXResourcesBuildPhase;
			buildActionMask = 2147483647;
			files = (
			);
			runOnlyForDeploymentPostprocessing = 0;
		};
		3896CFF72EBFA70F0099FE70 /* Resources */ = {
			isa = PBXResourcesBuildPhase;
			buildActionMask = 2147483647;
			files = (
			);
			runOnlyForDeploymentPostprocessing = 0;
		};
		3896D0012EBFA70F0099FE70 /* Resources */ = {
			isa = PBXResourcesBuildPhase;
			buildActionMask = 2147483647;
			files = (
			);
			runOnlyForDeploymentPostprocessing = 0;
		};
/* End PBXResourcesBuildPhase section */

/* Begin PBXSourcesBuildPhase section */
		3896CFDF2EBFA70E0099FE70 /* Sources */ = {
			isa = PBXSourcesBuildPhase;
			buildActionMask = 2147483647;
			files = (
			);
			runOnlyForDeploymentPostprocessing = 0;
		};
		3896CFF52EBFA70F0099FE70 /* Sources */ = {
			isa = PBXSourcesBuildPhase;
			buildActionMask = 2147483647;
			files = (
			);
			runOnlyForDeploymentPostprocessing = 0;
		};
		3896CFFF2EBFA70F0099FE70 /* Sources */ = {
			isa = PBXSourcesBuildPhase;
			buildActionMask = 2147483647;
			files = (
			);
			runOnlyForDeploymentPostprocessing = 0;
		};
/* End PBXSourcesBuildPhase section */

/* Begin PBXTargetDependency section */
		3896CFFB2EBFA70F0099FE70 /* PBXTargetDependency */ = {
			isa = PBXTargetDependency;
			target = 3896CFE22EBFA70E0099FE70 /* UTSAVEventPlanner */;
			targetProxy = 3896CFFA2EBFA70F0099FE70 /* PBXContainerItemProxy */;
		};
		3896D0052EBFA70F0099FE70 /* PBXTargetDependency */ = {
			isa = PBXTargetDependency;
			target = 3896CFE22EBFA70E0099FE70 /* UTSAVEventPlanner */;
			targetProxy = 3896D0042EBFA70F0099FE70 /* PBXContainerItemProxy */;
		};
/* End PBXTargetDependency section */

/* Begin XCBuildConfiguration section */
		3896D00D2EBFA70F0099FE70 /* Debug */ = {
			isa = XCBuildConfiguration;
			buildSettings = {
				ASSETCATALOG_COMPILER_APPICON_NAME = AppIcon;
				ASSETCATALOG_COMPILER_GLOBAL_ACCENT_COLOR_NAME = AccentColor;
				CODE_SIGN_STYLE = Automatic;
				CURRENT_PROJECT_VERSION = 1;
				DEVELOPMENT_TEAM = 9KBSZ5H8YN;
				GENERATE_INFOPLIST_FILE = YES;
				INFOPLIST_FILE = UTSAVEventPlanner/Info.plist;
				INFOPLIST_KEY_UIApplicationSupportsIndirectInputEvents = YES;
				INFOPLIST_KEY_UILaunchStoryboardName = LaunchScreen;
				INFOPLIST_KEY_UIStatusBarStyle = "";
				INFOPLIST_KEY_UISupportedInterfaceOrientations_iPad = "UIInterfaceOrientationPortrait UIInterfaceOrientationPortraitUpsideDown UIInterfaceOrientationLandscapeLeft UIInterfaceOrientationLandscapeRight";
				INFOPLIST_KEY_UISupportedInterfaceOrientations_iPhone = "UIInterfaceOrientationPortrait UIInterfaceOrientationLandscapeLeft UIInterfaceOrientationLandscapeRight";
				IPHONEOS_DEPLOYMENT_TARGET = 15.6;
				LD_RUNPATH_SEARCH_PATHS = (
					"$(inherited)",
					"@executable_path/Frameworks",
				);
				MARKETING_VERSION = 1.0;
				PRODUCT_BUNDLE_IDENTIFIER = com.prince.UTSAVEventPlanner;
				PRODUCT_NAME = "$(TARGET_NAME)";
				STRING_CATALOG_GENERATE_SYMBOLS = YES;
				SWIFT_APPROACHABLE_CONCURRENCY = YES;
				SWIFT_DEFAULT_ACTOR_ISOLATION = MainActor;
				SWIFT_EMIT_LOC_STRINGS = YES;
				SWIFT_UPCOMING_FEATURE_MEMBER_IMPORT_VISIBILITY = YES;
				SWIFT_VERSION = 5.0;
				TARGETED_DEVICE_FAMILY = "1,2";
			};
			name = Debug;
		};
		3896D00E2EBFA70F0099FE70 /* Release */ = {
			isa = XCBuildConfiguration;
			buildSettings = {
				ASSETCATALOG_COMPILER_APPICON_NAME = AppIcon;
				ASSETCATALOG_COMPILER_GLOBAL_ACCENT_COLOR_NAME = AccentColor;
				CODE_SIGN_STYLE = Automatic;
				CURRENT_PROJECT_VERSION = 1;
				DEVELOPMENT_TEAM = 9KBSZ5H8YN;
				GENERATE_INFOPLIST_FILE = YES;
				INFOPLIST_FILE = UTSAVEventPlanner/Info.plist;
				INFOPLIST_KEY_UIApplicationSupportsIndirectInputEvents = YES;
				INFOPLIST_KEY_UILaunchStoryboardName = LaunchScreen;
				INFOPLIST_KEY_UIStatusBarStyle = "";
				INFOPLIST_KEY_UISupportedInterfaceOrientations_iPad = "UIInterfaceOrientationPortrait UIInterfaceOrientationPortraitUpsideDown UIInterfaceOrientationLandscapeLeft UIInterfaceOrientationLandscapeRight";
				INFOPLIST_KEY_UISupportedInterfaceOrientations_iPhone = "UIInterfaceOrientationPortrait UIInterfaceOrientationLandscapeLeft UIInterfaceOrientationLandscapeRight";
				IPHONEOS_DEPLOYMENT_TARGET = 15.6;
				LD_RUNPATH_SEARCH_PATHS = (
					"$(inherited)",
					"@executable_path/Frameworks",
				);
				MARKETING_VERSION = 1.0;
				PRODUCT_BUNDLE_IDENTIFIER = com.prince.UTSAVEventPlanner;
				PRODUCT_NAME = "$(TARGET_NAME)";
				STRING_CATALOG_GENERATE_SYMBOLS = YES;
				SWIFT_APPROACHABLE_CONCURRENCY = YES;
				SWIFT_DEFAULT_ACTOR_ISOLATION = MainActor;
				SWIFT_EMIT_LOC_STRINGS = YES;
				SWIFT_UPCOMING_FEATURE_MEMBER_IMPORT_VISIBILITY = YES;
				SWIFT_VERSION = 5.0;
				TARGETED_DEVICE_FAMILY = "1,2";
			};
			name = Release;
		};
		3896D00F2EBFA70F0099FE70 /* Debug */ = {
			isa = XCBuildConfiguration;
			buildSettings = {
				ALWAYS_SEARCH_USER_PATHS = NO;
				ASSETCATALOG_COMPILER_GENERATE_SWIFT_ASSET_SYMBOL_EXTENSIONS = YES;
				CLANG_ANALYZER_NONNULL = YES;
				CLANG_ANALYZER_NUMBER_OBJECT_CONVERSION = YES_AGGRESSIVE;
				CLANG_CXX_LANGUAGE_STANDARD = "gnu++20";
				CLANG_ENABLE_MODULES = YES;
				CLANG_ENABLE_OBJC_ARC = YES;
				CLANG_ENABLE_OBJC_WEAK = YES;
				CLANG_WARN_BLOCK_CAPTURE_AUTORELEASING = YES;
				CLANG_WARN_BOOL_CONVERSION = YES;
				CLANG_WARN_COMMA = YES;
				CLANG_WARN_CONSTANT_CONVERSION = YES;
				CLANG_WARN_DEPRECATED_OBJC_IMPLEMENTATIONS = YES;
				CLANG_WARN_DIRECT_OBJC_ISA_USAGE = YES_ERROR;
				CLANG_WARN_DOCUMENTATION_COMMENTS = YES;
				CLANG_WARN_EMPTY_BODY = YES;
				CLANG_WARN_ENUM_CONVERSION = YES;
				CLANG_WARN_INFINITE_RECURSION = YES;
				CLANG_WARN_INT_CONVERSION = YES;
				CLANG_WARN_NON_LITERAL_NULL_CONVERSION = YES;
				CLANG_WARN_OBJC_IMPLICIT_RETAIN_SELF = YES;
				CLANG_WARN_OBJC_LITERAL_CONVERSION = YES;
				CLANG_WARN_OBJC_ROOT_CLASS = YES_ERROR;
				CLANG_WARN_QUOTED_INCLUDE_IN_FRAMEWORK_HEADER = YES;
				CLANG_WARN_RANGE_LOOP_ANALYSIS = YES;
				CLANG_WARN_STRICT_PROTOTYPES = YES;
				CLANG_WARN_SUSPICIOUS_MOVE = YES;
				CLANG_WARN_UNGUARDED_AVAILABILITY = YES_AGGRESSIVE;
				CLANG_WARN_UNREACHABLE_CODE = YES;
				CLANG_WARN__DUPLICATE_METHOD_MATCH = YES;
				COPY_PHASE_STRIP = NO;
				DEBUG_INFORMATION_FORMAT = dwarf;
				ENABLE_STRICT_OBJC_MSGSEND = YES;
				ENABLE_TESTABILITY = YES;
				ENABLE_USER_SCRIPT_SANDBOXING = YES;
				GCC_C_LANGUAGE_STANDARD = gnu17;
				GCC_DYNAMIC_NO_PIC = NO;
				GCC_NO_COMMON_BLOCKS = YES;
				GCC_OPTIMIZATION_LEVEL = 0;
				GCC_PREPROCESSOR_DEFINITIONS = (
					"DEBUG=1",
					"$(inherited)",
				);
				GCC_WARN_64_TO_32_BIT_CONVERSION = YES;
				GCC_WARN_ABOUT_RETURN_TYPE = YES_ERROR;
				GCC_WARN_UNDECLARED_SELECTOR = YES;
				GCC_WARN_UNINITIALIZED_AUTOS = YES_AGGRESSIVE;
				GCC_WARN_UNUSED_FUNCTION = YES;
				GCC_WARN_UNUSED_VARIABLE = YES;
				IPHONEOS_DEPLOYMENT_TARGET = 26.0;
				LOCALIZATION_PREFERS_STRING_CATALOGS = YES;
				MTL_ENABLE_DEBUG_INFO = INCLUDE_SOURCE;
				MTL_FAST_MATH = YES;
				ONLY_ACTIVE_ARCH = YES;
				SDKROOT = iphoneos;
				SWIFT_ACTIVE_COMPILATION_CONDITIONS = "DEBUG $(inherited)";
				SWIFT_OPTIMIZATION_LEVEL = "-Onone";
			};
			name = Debug;
		};
		3896D0102EBFA70F0099FE70 /* Release */ = {
			isa = XCBuildConfiguration;
			buildSettings = {
				ALWAYS_SEARCH_USER_PATHS = NO;
				ASSETCATALOG_COMPILER_GENERATE_SWIFT_ASSET_SYMBOL_EXTENSIONS = YES;
				CLANG_ANALYZER_NONNULL = YES;
				CLANG_ANALYZER_NUMBER_OBJECT_CONVERSION = YES_AGGRESSIVE;
				CLANG_CXX_LANGUAGE_STANDARD = "gnu++20";
				CLANG_ENABLE_MODULES = YES;
				CLANG_ENABLE_OBJC_ARC = YES;
				CLANG_ENABLE_OBJC_WEAK = YES;
				CLANG_WARN_BLOCK_CAPTURE_AUTORELEASING = YES;
				CLANG_WARN_BOOL_CONVERSION = YES;
				CLANG_WARN_COMMA = YES;
				CLANG_WARN_CONSTANT_CONVERSION = YES;
				CLANG_WARN_DEPRECATED_OBJC_IMPLEMENTATIONS = YES;
				CLANG_WARN_DIRECT_OBJC_ISA_USAGE = YES_ERROR;
				CLANG_WARN_DOCUMENTATION_COMMENTS = YES;
				CLANG_WARN_EMPTY_BODY = YES;
				CLANG_WARN_ENUM_CONVERSION = YES;
				CLANG_WARN_INFINITE_RECURSION = YES;
				CLANG_WARN_INT_CONVERSION = YES;
				CLANG_WARN_NON_LITERAL_NULL_CONVERSION = YES;
				CLANG_WARN_OBJC_IMPLICIT_RETAIN_SELF = YES;
				CLANG_WARN_OBJC_LITERAL_CONVERSION = YES;
				CLANG_WARN_OBJC_ROOT_CLASS = YES_ERROR;
				CLANG_WARN_QUOTED_INCLUDE_IN_FRAMEWORK_HEADER = YES;
				CLANG_WARN_RANGE_LOOP_ANALYSIS = YES;
				CLANG_WARN_STRICT_PROTOTYPES = YES;
				CLANG_WARN_SUSPICIOUS_MOVE = YES;
				CLANG_WARN_UNGUARDED_AVAILABILITY = YES_AGGRESSIVE;
				CLANG_WARN_UNREACHABLE_CODE = YES;
				CLANG_WARN__DUPLICATE_METHOD_MATCH = YES;
				COPY_PHASE_STRIP = NO;
				DEBUG_INFORMATION_FORMAT = "dwarf-with-dsym";
				ENABLE_NS_ASSERTIONS = NO;
				ENABLE_STRICT_OBJC_MSGSEND = YES;
				ENABLE_USER_SCRIPT_SANDBOXING = YES;
				GCC_C_LANGUAGE_STANDARD = gnu17;
				GCC_NO_COMMON_BLOCKS = YES;
				GCC_WARN_64_TO_32_BIT_CONVERSION = YES;
				GCC_WARN_ABOUT_RETURN_TYPE = YES_ERROR;
				GCC_WARN_UNDECLARED_SELECTOR = YES;
				GCC_WARN_UNINITIALIZED_AUTOS = YES_AGGRESSIVE;
				GCC_WARN_UNUSED_FUNCTION = YES;
				GCC_WARN_UNUSED_VARIABLE = YES;
				IPHONEOS_DEPLOYMENT_TARGET = 26.0;
				LOCALIZATION_PREFERS_STRING_CATALOGS = YES;
				MTL_ENABLE_DEBUG_INFO = NO;
				MTL_FAST_MATH = YES;
				SDKROOT = iphoneos;
				SWIFT_COMPILATION_MODE = wholemodule;
				VALIDATE_PRODUCT = YES;
			};
			name = Release;
		};
		3896D0122EBFA70F0099FE70 /* Debug */ = {
			isa = XCBuildConfiguration;
			buildSettings = {
				BUNDLE_LOADER = "$(TEST_HOST)";
				CODE_SIGN_STYLE = Automatic;
				CURRENT_PROJECT_VERSION = 1;
				GENERATE_INFOPLIST_FILE = YES;
				IPHONEOS_DEPLOYMENT_TARGET = 26.0;
				MARKETING_VERSION = 1.0;
				PRODUCT_BUNDLE_IDENTIFIER = com.prince.UTSAVEventPlannerTests;
				PRODUCT_NAME = "$(TARGET_NAME)";
				STRING_CATALOG_GENERATE_SYMBOLS = NO;
				SWIFT_APPROACHABLE_CONCURRENCY = YES;
				SWIFT_EMIT_LOC_STRINGS = NO;
				SWIFT_UPCOMING_FEATURE_MEMBER_IMPORT_VISIBILITY = YES;
				SWIFT_VERSION = 5.0;
				TARGETED_DEVICE_FAMILY = "1,2";
				TEST_HOST = "$(BUILT_PRODUCTS_DIR)/UTSAVEventPlanner.app/$(BUNDLE_EXECUTABLE_FOLDER_PATH)/UTSAVEventPlanner";
			};
			name = Debug;
		};
		3896D0132EBFA70F0099FE70 /* Release */ = {
			isa = XCBuildConfiguration;
			buildSettings = {
				BUNDLE_LOADER = "$(TEST_HOST)";
				CODE_SIGN_STYLE = Automatic;
				CURRENT_PROJECT_VERSION = 1;
				GENERATE_INFOPLIST_FILE = YES;
				IPHONEOS_DEPLOYMENT_TARGET = 26.0;
				MARKETING_VERSION = 1.0;
				PRODUCT_BUNDLE_IDENTIFIER = com.prince.UTSAVEventPlannerTests;
				PRODUCT_NAME = "$(TARGET_NAME)";
				STRING_CATALOG_GENERATE_SYMBOLS = NO;
				SWIFT_APPROACHABLE_CONCURRENCY = YES;
				SWIFT_EMIT_LOC_STRINGS = NO;
				SWIFT_UPCOMING_FEATURE_MEMBER_IMPORT_VISIBILITY = YES;
				SWIFT_VERSION = 5.0;
				TARGETED_DEVICE_FAMILY = "1,2";
				TEST_HOST = "$(BUILT_PRODUCTS_DIR)/UTSAVEventPlanner.app/$(BUNDLE_EXECUTABLE_FOLDER_PATH)/UTSAVEventPlanner";
			};
			name = Release;
		};
		3896D0152EBFA70F0099FE70 /* Debug */ = {
			isa = XCBuildConfiguration;
			buildSettings = {
				CODE_SIGN_STYLE = Automatic;
				CURRENT_PROJECT_VERSION = 1;
				GENERATE_INFOPLIST_FILE = YES;
				MARKETING_VERSION = 1.0;
				PRODUCT_BUNDLE_IDENTIFIER = com.prince.UTSAVEventPlannerUITests;
				PRODUCT_NAME = "$(TARGET_NAME)";
				STRING_CATALOG_GENERATE_SYMBOLS = NO;
				SWIFT_APPROACHABLE_CONCURRENCY = YES;
				SWIFT_EMIT_LOC_STRINGS = NO;
				SWIFT_UPCOMING_FEATURE_MEMBER_IMPORT_VISIBILITY = YES;
				SWIFT_VERSION = 5.0;
				TARGETED_DEVICE_FAMILY = "1,2";
				TEST_TARGET_NAME = UTSAVEventPlanner;
			};
			name = Debug;
		};
		3896D0162EBFA70F0099FE70 /* Release */ = {
			isa = XCBuildConfiguration;
			buildSettings = {
				CODE_SIGN_STYLE = Automatic;
				CURRENT_PROJECT_VERSION = 1;
				GENERATE_INFOPLIST_FILE = YES;
				MARKETING_VERSION = 1.0;
				PRODUCT_BUNDLE_IDENTIFIER = com.prince.UTSAVEventPlannerUITests;
				PRODUCT_NAME = "$(TARGET_NAME)";
				STRING_CATALOG_GENERATE_SYMBOLS = NO;
				SWIFT_APPROACHABLE_CONCURRENCY = YES;
				SWIFT_EMIT_LOC_STRINGS = NO;
				SWIFT_UPCOMING_FEATURE_MEMBER_IMPORT_VISIBILITY = YES;
				SWIFT_VERSION = 5.0;
				TARGETED_DEVICE_FAMILY = "1,2";
				TEST_TARGET_NAME = UTSAVEventPlanner;
			};
			name = Release;
		};
/* End XCBuildConfiguration section */

/* Begin XCConfigurationList section */
		3896CFDE2EBFA70E0099FE70 /* Build configuration list for PBXProject "UTSAVEventPlanner" */ = {
			isa = XCConfigurationList;
			buildConfigurations = (
				3896D00F2EBFA70F0099FE70 /* Debug */,
				3896D0102EBFA70F0099FE70 /* Release */,
			);
			defaultConfigurationIsVisible = 0;
			defaultConfigurationName = Release;
		};
		3896D00C2EBFA70F0099FE70 /* Build configuration list for PBXNativeTarget "UTSAVEventPlanner" */ = {
			isa = XCConfigurationList;
			buildConfigurations = (
				3896D00D2EBFA70F0099FE70 /* Debug */,
				3896D00E2EBFA70F0099FE70 /* Release */,
			);
			defaultConfigurationIsVisible = 0;
			defaultConfigurationName = Release;
		};
		3896D0112EBFA70F0099FE70 /* Build configuration list for PBXNativeTarget "UTSAVEventPlannerTests" */ = {
			isa = XCConfigurationList;
			buildConfigurations = (
				3896D0122EBFA70F0099FE70 /* Debug */,
				3896D0132EBFA70F0099FE70 /* Release */,
			);
			defaultConfigurationIsVisible = 0;
			defaultConfigurationName = Release;
		};
		3896D0142EBFA70F0099FE70 /* Build configuration list for PBXNativeTarget "UTSAVEventPlannerUITests" */ = {
			isa = XCConfigurationList;
			buildConfigurations = (
				3896D0152EBFA70F0099FE70 /* Debug */,
				3896D0162EBFA70F0099FE70 /* Release */,
			);
			defaultConfigurationIsVisible = 0;
			defaultConfigurationName = Release;
		};
/* End XCConfigurationList section */

/* Begin XCRemoteSwiftPackageReference section */
		7801A5C42EC35A4E004EE399 /* XCRemoteSwiftPackageReference "supabase-swift" */ = {
			isa = XCRemoteSwiftPackageReference;
			repositoryURL = "https://github.com/supabase-community/supabase-swift";
			requirement = {
				kind = upToNextMajorVersion;
				minimumVersion = 2.5.1;
			};
		};
		78B078B22EC4E80800962AFD /* XCRemoteSwiftPackageReference "firebase-ios-sdk" */ = {
			isa = XCRemoteSwiftPackageReference;
			repositoryURL = "https://github.com/firebase/firebase-ios-sdk";
			requirement = {
				kind = upToNextMajorVersion;
				minimumVersion = 12.5.0;
			};
		};
/* End XCRemoteSwiftPackageReference section */

/* Begin XCSwiftPackageProductDependency section */
		7801A5C82EC35C2E004EE399 /* Supabase */ = {
			isa = XCSwiftPackageProductDependency;
			package = 7801A5C42EC35A4E004EE399 /* XCRemoteSwiftPackageReference "supabase-swift" */;
			productName = Supabase;
		};
		78B078B32EC4E80800962AFD /* FirebaseAnalytics */ = {
			isa = XCSwiftPackageProductDependency;
			package = 78B078B22EC4E80800962AFD /* XCRemoteSwiftPackageReference "firebase-ios-sdk" */;
			productName = FirebaseAnalytics;
		};
		78B078B52EC4E80800962AFD /* FirebaseAuth */ = {
			isa = XCSwiftPackageProductDependency;
			package = 78B078B22EC4E80800962AFD /* XCRemoteSwiftPackageReference "firebase-ios-sdk" */;
			productName = FirebaseAuth;
		};
		78B078B72EC4E80800962AFD /* FirebaseCore */ = {
			isa = XCSwiftPackageProductDependency;
			package = 78B078B22EC4E80800962AFD /* XCRemoteSwiftPackageReference "firebase-ios-sdk" */;
			productName = FirebaseCore;
		};
/* End XCSwiftPackageProductDependency section */
	};
	rootObject = 3896CFDB2EBFA70E0099FE70 /* Project object */;
}
